
Microsoft Visual Studio Solution File, Format Version 12.00
# Visual Studio 14
VisualStudioVersion = 14.0.23107.0
MinimumVisualStudioVersion = 10.0.40219.1
Project("{FAE04EC0-301F-11D3-BF4B-00C04F79EFBC}") = "amz-scrape", "amz-scrape\amz-scrape.csproj", "{9B9372CA-BB73-4FFE-A6A6-5561A0814A98}"
EndProject
Project("{FAE04EC0-301F-11D3-BF4B-00C04F79EFBC}") = "amz-auth", "amz-auth\amz-auth.csproj", "{232B5B08-C8EF-49F7-8331-1CA4B9A1F505}"
EndProject
Project("{FAE04EC0-301F-11D3-BF4B-00C04F79EFBC}") = "amz-data", "amz-data\amz-data.csproj", "{C6EB5923-16F5-42CF-8636-4695FEDD1366}"
EndProject
Project("{FAE04EC0-301F-11D3-BF4B-00C04F79EFBC}") = "amz-dump", "amz-dump\amz-dump.csproj", "{303F018B-D687-49CA-B1C9-67EE20CE7EAF}"
EndProject
Global
	GlobalSection(SolutionConfigurationPlatforms) = preSolution
		Debug|Any CPU = Debug|Any CPU
		Release|Any CPU = Release|Any CPU
	EndGlobalSection
	GlobalSection(ProjectConfigurationPlatforms) = postSolution
		{9B9372CA-BB73-4FFE-A6A6-5561A0814A98}.Debug|Any CPU.ActiveCfg = Debug|Any CPU
		{9B9372CA-BB73-4FFE-A6A6-5561A0814A98}.Debug|Any CPU.Build.0 = Debug|Any CPU
		{9B9372CA-BB73-4FFE-A6A6-5561A0814A98}.Release|Any CPU.ActiveCfg = Release|Any CPU
		{9B9372CA-BB73-4FFE-A6A6-5561A0814A98}.Release|Any CPU.Build.0 = Release|Any CPU
		{232B5B08-C8EF-49F7-8331-1CA4B9A1F505}.Debug|Any CPU.ActiveCfg = Debug|Any CPU
		{232B5B08-C8EF-49F7-8331-1CA4B9A1F505}.Debug|Any CPU.Build.0 = Debug|Any CPU
		{232B5B08-C8EF-49F7-8331-1CA4B9A1F505}.Release|Any CPU.ActiveCfg = Release|Any CPU
		{232B5B08-C8EF-49F7-8331-1CA4B9A1F505}.Release|Any CPU.Build.0 = Release|Any CPU
		{C6EB5923-16F5-42CF-8636-4695FEDD1366}.Debug|Any CPU.ActiveCfg = Debug|Any CPU
		{C6EB5923-16F5-42CF-8636-4695FEDD1366}.Debug|Any CPU.Build.0 = Debug|Any CPU
		{C6EB5923-16F5-42CF-8636-4695FEDD1366}.Release|Any CPU.ActiveCfg = Release|Any CPU
		{C6EB5923-16F5-42CF-8636-4695FEDD1366}.Release|Any CPU.Build.0 = Release|Any CPU
		{303F018B-D687-49CA-B1C9-67EE20CE7EAF}.Debug|Any CPU.ActiveCfg = Debug|Any CPU
		{303F018B-D687-49CA-B1C9-67EE20CE7EAF}.Debug|Any CPU.Build.0 = Debug|Any CPU
		{303F018B-D687-49CA-B1C9-67EE20CE7EAF}.Release|Any CPU.ActiveCfg = Release|Any CPU
		{303F018B-D687-49CA-B1C9-67EE20CE7EAF}.Release|Any CPU.Build.0 = Release|Any CPU
	EndGlobalSection
	GlobalSection(SolutionProperties) = preSolution
		HideSolutionNode = FALSE
	EndGlobalSection
EndGlobal
